// !$*UTF8*$!
{
	archiveVersion = 1;
	classes = {
	};
	objectVersion = 56;
	objects = {

/* Begin PBXBuildFile section */
		413430162C290AE600BD7E5B /* Daily_WinsApp.swift in Sources */ = {isa = PBXBuildFile; fileRef = 413430152C290AE600BD7E5B /* Daily_WinsApp.swift */; };
		413430182C290AE600BD7E5B /* ContentView.swift in Sources */ = {isa = PBXBuildFile; fileRef = 413430172C290AE600BD7E5B /* ContentView.swift */; };
		4134301A2C290AE800BD7E5B /* Assets.xcassets in Resources */ = {isa = PBXBuildFile; fileRef = 413430192C290AE800BD7E5B /* Assets.xcassets */; };
		4134301D2C290AE800BD7E5B /* Preview Assets.xcassets in Resources */ = {isa = PBXBuildFile; fileRef = 4134301C2C290AE800BD7E5B /* Preview Assets.xcassets */; };
		413430272C290AE800BD7E5B /* Daily_WinsTests.swift in Sources */ = {isa = PBXBuildFile; fileRef = 413430262C290AE800BD7E5B /* Daily_WinsTests.swift */; };
		413430312C290AE800BD7E5B /* Daily_WinsUITests.swift in Sources */ = {isa = PBXBuildFile; fileRef = 413430302C290AE800BD7E5B /* Daily_WinsUITests.swift */; };
		413430332C290AE800BD7E5B /* Daily_WinsUITestsLaunchTests.swift in Sources */ = {isa = PBXBuildFile; fileRef = 413430322C290AE800BD7E5B /* Daily_WinsUITestsLaunchTests.swift */; };
		B42696322C35AF4600DDEC36 /* TreeViewViewModel.swift in Sources */ = {isa = PBXBuildFile; fileRef = B42696312C35AF4600DDEC36 /* TreeViewViewModel.swift */; };
		B42696342C35AF6500DDEC36 /* TreeView.swift in Sources */ = {isa = PBXBuildFile; fileRef = B42696332C35AF6500DDEC36 /* TreeView.swift */; };
		B43D25B22C2A882700D867DB /* FirebaseAuth in Frameworks */ = {isa = PBXBuildFile; productRef = B43D25B12C2A882700D867DB /* FirebaseAuth */; };
		B43D25B42C2A882700D867DB /* FirebaseFirestore in Frameworks */ = {isa = PBXBuildFile; productRef = B43D25B32C2A882700D867DB /* FirebaseFirestore */; };
		B43D25B62C2A882700D867DB /* FirebaseFirestoreSwift in Frameworks */ = {isa = PBXBuildFile; productRef = B43D25B52C2A882700D867DB /* FirebaseFirestoreSwift */; };
		B43D25B82C2A893300D867DB /* GoogleService-Info.plist in Resources */ = {isa = PBXBuildFile; fileRef = B43D25B72C2A893300D867DB /* GoogleService-Info.plist */; };
		B43D25B92C2A893300D867DB /* GoogleService-Info.plist in Resources */ = {isa = PBXBuildFile; fileRef = B43D25B72C2A893300D867DB /* GoogleService-Info.plist */; };
		B43D25BA2C2A893300D867DB /* GoogleService-Info.plist in Resources */ = {isa = PBXBuildFile; fileRef = B43D25B72C2A893300D867DB /* GoogleService-Info.plist */; };
		B43D25BF2C2A8AF000D867DB /* Daily_WinsApp.swift in Sources */ = {isa = PBXBuildFile; fileRef = 413430152C290AE600BD7E5B /* Daily_WinsApp.swift */; };
		B43D25C02C2A8AF000D867DB /* Daily_WinsApp.swift in Sources */ = {isa = PBXBuildFile; fileRef = 413430152C290AE600BD7E5B /* Daily_WinsApp.swift */; };
		B43D25C22C2A8C7800D867DB /* ToDoListView.swift in Sources */ = {isa = PBXBuildFile; fileRef = B43D25C12C2A8C7800D867DB /* ToDoListView.swift */; };
		B43D25C32C2A8C7900D867DB /* ToDoListView.swift in Sources */ = {isa = PBXBuildFile; fileRef = B43D25C12C2A8C7800D867DB /* ToDoListView.swift */; };
		B43D25C42C2A8C7900D867DB /* ToDoListView.swift in Sources */ = {isa = PBXBuildFile; fileRef = B43D25C12C2A8C7800D867DB /* ToDoListView.swift */; };
		B43D25C62C2A8CD800D867DB /* NewItemView.swift in Sources */ = {isa = PBXBuildFile; fileRef = B43D25C52C2A8CD800D867DB /* NewItemView.swift */; };
		B43D25C72C2A8CD800D867DB /* NewItemView.swift in Sources */ = {isa = PBXBuildFile; fileRef = B43D25C52C2A8CD800D867DB /* NewItemView.swift */; };
		B43D25C82C2A8CD800D867DB /* NewItemView.swift in Sources */ = {isa = PBXBuildFile; fileRef = B43D25C52C2A8CD800D867DB /* NewItemView.swift */; };
		B43D25CA2C2A8D1F00D867DB /* ToDoListItemView.swift in Sources */ = {isa = PBXBuildFile; fileRef = B43D25C92C2A8D1F00D867DB /* ToDoListItemView.swift */; };
		B43D25CB2C2A8D1F00D867DB /* ToDoListItemView.swift in Sources */ = {isa = PBXBuildFile; fileRef = B43D25C92C2A8D1F00D867DB /* ToDoListItemView.swift */; };
		B43D25CC2C2A8D1F00D867DB /* ToDoListItemView.swift in Sources */ = {isa = PBXBuildFile; fileRef = B43D25C92C2A8D1F00D867DB /* ToDoListItemView.swift */; };
		B43D25CE2C2A8DAB00D867DB /* ToDoListItem.swift in Sources */ = {isa = PBXBuildFile; fileRef = B43D25CD2C2A8DAB00D867DB /* ToDoListItem.swift */; };
		B43D25CF2C2A8DAB00D867DB /* ToDoListItem.swift in Sources */ = {isa = PBXBuildFile; fileRef = B43D25CD2C2A8DAB00D867DB /* ToDoListItem.swift */; };
		B43D25D02C2A8DAB00D867DB /* ToDoListItem.swift in Sources */ = {isa = PBXBuildFile; fileRef = B43D25CD2C2A8DAB00D867DB /* ToDoListItem.swift */; };
		B43D25D22C2A8DDB00D867DB /* ContentViewViewModel.swift in Sources */ = {isa = PBXBuildFile; fileRef = B43D25D12C2A8DDB00D867DB /* ContentViewViewModel.swift */; };
		B43D25D32C2A8DDB00D867DB /* ContentViewViewModel.swift in Sources */ = {isa = PBXBuildFile; fileRef = B43D25D12C2A8DDB00D867DB /* ContentViewViewModel.swift */; };
		B43D25D42C2A8DDB00D867DB /* ContentViewViewModel.swift in Sources */ = {isa = PBXBuildFile; fileRef = B43D25D12C2A8DDB00D867DB /* ContentViewViewModel.swift */; };
		B43D25D72C2A8DF200D867DB /* ToDoListViewViewModel.swift in Sources */ = {isa = PBXBuildFile; fileRef = B43D25D62C2A8DF200D867DB /* ToDoListViewViewModel.swift */; };
		B43D25D82C2A8DF200D867DB /* ToDoListViewViewModel.swift in Sources */ = {isa = PBXBuildFile; fileRef = B43D25D62C2A8DF200D867DB /* ToDoListViewViewModel.swift */; };
		B43D25D92C2A8DF200D867DB /* ToDoListViewViewModel.swift in Sources */ = {isa = PBXBuildFile; fileRef = B43D25D62C2A8DF200D867DB /* ToDoListViewViewModel.swift */; };
		B43D25DB2C2A8E1200D867DB /* ToDoListItemViewViewModel.swift in Sources */ = {isa = PBXBuildFile; fileRef = B43D25DA2C2A8E1200D867DB /* ToDoListItemViewViewModel.swift */; };
		B43D25DC2C2A8E1200D867DB /* ToDoListItemViewViewModel.swift in Sources */ = {isa = PBXBuildFile; fileRef = B43D25DA2C2A8E1200D867DB /* ToDoListItemViewViewModel.swift */; };
		B43D25DD2C2A8E1200D867DB /* ToDoListItemViewViewModel.swift in Sources */ = {isa = PBXBuildFile; fileRef = B43D25DA2C2A8E1200D867DB /* ToDoListItemViewViewModel.swift */; };
		B43D25DF2C2A8E2400D867DB /* NewItemViewViewModel.swift in Sources */ = {isa = PBXBuildFile; fileRef = B43D25DE2C2A8E2400D867DB /* NewItemViewViewModel.swift */; };
		B43D25E02C2A8E2400D867DB /* NewItemViewViewModel.swift in Sources */ = {isa = PBXBuildFile; fileRef = B43D25DE2C2A8E2400D867DB /* NewItemViewViewModel.swift */; };
		B43D25E12C2A8E2400D867DB /* NewItemViewViewModel.swift in Sources */ = {isa = PBXBuildFile; fileRef = B43D25DE2C2A8E2400D867DB /* NewItemViewViewModel.swift */; };
		B43D25E32C2A8E8800D867DB /* LoginView.swift in Sources */ = {isa = PBXBuildFile; fileRef = B43D25E22C2A8E8800D867DB /* LoginView.swift */; };
		B43D25E42C2A8E8800D867DB /* LoginView.swift in Sources */ = {isa = PBXBuildFile; fileRef = B43D25E22C2A8E8800D867DB /* LoginView.swift */; };
		B43D25E52C2A8E8800D867DB /* LoginView.swift in Sources */ = {isa = PBXBuildFile; fileRef = B43D25E22C2A8E8800D867DB /* LoginView.swift */; };
		B43D25E72C2A8E9E00D867DB /* RegisterView.swift in Sources */ = {isa = PBXBuildFile; fileRef = B43D25E62C2A8E9E00D867DB /* RegisterView.swift */; };
		B43D25E82C2A8E9E00D867DB /* RegisterView.swift in Sources */ = {isa = PBXBuildFile; fileRef = B43D25E62C2A8E9E00D867DB /* RegisterView.swift */; };
		B43D25E92C2A8E9E00D867DB /* RegisterView.swift in Sources */ = {isa = PBXBuildFile; fileRef = B43D25E62C2A8E9E00D867DB /* RegisterView.swift */; };
		B43D25EB2C2A8EC400D867DB /* LoginViewViewModel.swift in Sources */ = {isa = PBXBuildFile; fileRef = B43D25EA2C2A8EC400D867DB /* LoginViewViewModel.swift */; };
		B43D25EC2C2A8EC500D867DB /* LoginViewViewModel.swift in Sources */ = {isa = PBXBuildFile; fileRef = B43D25EA2C2A8EC400D867DB /* LoginViewViewModel.swift */; };
		B43D25ED2C2A8EC500D867DB /* LoginViewViewModel.swift in Sources */ = {isa = PBXBuildFile; fileRef = B43D25EA2C2A8EC400D867DB /* LoginViewViewModel.swift */; };
		B43D25EF2C2A8ECD00D867DB /* RegisterViewViewModel.swift in Sources */ = {isa = PBXBuildFile; fileRef = B43D25EE2C2A8ECD00D867DB /* RegisterViewViewModel.swift */; };
		B43D25F02C2A8ECD00D867DB /* RegisterViewViewModel.swift in Sources */ = {isa = PBXBuildFile; fileRef = B43D25EE2C2A8ECD00D867DB /* RegisterViewViewModel.swift */; };
		B43D25F12C2A8ECD00D867DB /* RegisterViewViewModel.swift in Sources */ = {isa = PBXBuildFile; fileRef = B43D25EE2C2A8ECD00D867DB /* RegisterViewViewModel.swift */; };
		B43D25F32C2A932C00D867DB /* HeaderView.swift in Sources */ = {isa = PBXBuildFile; fileRef = B43D25F22C2A932C00D867DB /* HeaderView.swift */; };
		B43D25F42C2A932C00D867DB /* HeaderView.swift in Sources */ = {isa = PBXBuildFile; fileRef = B43D25F22C2A932C00D867DB /* HeaderView.swift */; };
		B43D25F52C2A932C00D867DB /* HeaderView.swift in Sources */ = {isa = PBXBuildFile; fileRef = B43D25F22C2A932C00D867DB /* HeaderView.swift */; };
		B43D25F72C2B9E2700D867DB /* TLButton.swift in Sources */ = {isa = PBXBuildFile; fileRef = B43D25F62C2B9E2600D867DB /* TLButton.swift */; };
		B4534BA42C2CACF60089A51F /* ProfileView.swift in Sources */ = {isa = PBXBuildFile; fileRef = B4534BA32C2CACF60089A51F /* ProfileView.swift */; };
		B4534BA62C2CAD070089A51F /* ProfileViewViewModel.swift in Sources */ = {isa = PBXBuildFile; fileRef = B4534BA52C2CAD070089A51F /* ProfileViewViewModel.swift */; };
		B4534BAA2C2CB8B90089A51F /* User.swift in Sources */ = {isa = PBXBuildFile; fileRef = B4534BA92C2CB8B90089A51F /* User.swift */; };
		B4534BAC2C2CB9B80089A51F /* Extentions.swift in Sources */ = {isa = PBXBuildFile; fileRef = B4534BAB2C2CB9B80089A51F /* Extentions.swift */; };
		B48D7A0E2C2E47FF002779E1 /* HomePageView.swift in Sources */ = {isa = PBXBuildFile; fileRef = B48D7A0D2C2E47FF002779E1 /* HomePageView.swift */; };
		B48D7A102C2E480D002779E1 /* HomePageViewViewModel.swift in Sources */ = {isa = PBXBuildFile; fileRef = B48D7A0F2C2E480D002779E1 /* HomePageViewViewModel.swift */; };
		B48D7A122C2E54DE002779E1 /* WeeklyCalenderView.swift in Sources */ = {isa = PBXBuildFile; fileRef = B48D7A112C2E54DE002779E1 /* WeeklyCalenderView.swift */; };
		B4B6623D2C3351850044373A /* FullCalendarView.swift in Sources */ = {isa = PBXBuildFile; fileRef = B4B6623C2C3351850044373A /* FullCalendarView.swift */; };
		B4B6623F2C33554B0044373A /* DateValue.swift in Sources */ = {isa = PBXBuildFile; fileRef = B4B6623E2C33554B0044373A /* DateValue.swift */; };
/* End PBXBuildFile section */

/* Begin PBXContainerItemProxy section */
		413430232C290AE800BD7E5B /* PBXContainerItemProxy */ = {
			isa = PBXContainerItemProxy;
			containerPortal = 4134300A2C290AE600BD7E5B /* Project object */;
			proxyType = 1;
			remoteGlobalIDString = 413430112C290AE600BD7E5B;
			remoteInfo = "Daily-Wins";
		};
		4134302D2C290AE800BD7E5B /* PBXContainerItemProxy */ = {
			isa = PBXContainerItemProxy;
			containerPortal = 4134300A2C290AE600BD7E5B /* Project object */;
			proxyType = 1;
			remoteGlobalIDString = 413430112C290AE600BD7E5B;
			remoteInfo = "Daily-Wins";
		};
/* End PBXContainerItemProxy section */

/* Begin PBXFileReference section */
		413430122C290AE600BD7E5B /* Daily-Wins.app */ = {isa = PBXFileReference; explicitFileType = wrapper.application; includeInIndex = 0; path = "Daily-Wins.app"; sourceTree = BUILT_PRODUCTS_DIR; };
		413430152C290AE600BD7E5B /* Daily_WinsApp.swift */ = {isa = PBXFileReference; lastKnownFileType = sourcecode.swift; path = Daily_WinsApp.swift; sourceTree = "<group>"; };
		413430172C290AE600BD7E5B /* ContentView.swift */ = {isa = PBXFileReference; lastKnownFileType = sourcecode.swift; path = ContentView.swift; sourceTree = "<group>"; };
		413430192C290AE800BD7E5B /* Assets.xcassets */ = {isa = PBXFileReference; lastKnownFileType = folder.assetcatalog; path = Assets.xcassets; sourceTree = "<group>"; };
		4134301C2C290AE800BD7E5B /* Preview Assets.xcassets */ = {isa = PBXFileReference; lastKnownFileType = folder.assetcatalog; path = "Preview Assets.xcassets"; sourceTree = "<group>"; };
		413430222C290AE800BD7E5B /* Daily-WinsTests.xctest */ = {isa = PBXFileReference; explicitFileType = wrapper.cfbundle; includeInIndex = 0; path = "Daily-WinsTests.xctest"; sourceTree = BUILT_PRODUCTS_DIR; };
		413430262C290AE800BD7E5B /* Daily_WinsTests.swift */ = {isa = PBXFileReference; lastKnownFileType = sourcecode.swift; path = Daily_WinsTests.swift; sourceTree = "<group>"; };
		4134302C2C290AE800BD7E5B /* Daily-WinsUITests.xctest */ = {isa = PBXFileReference; explicitFileType = wrapper.cfbundle; includeInIndex = 0; path = "Daily-WinsUITests.xctest"; sourceTree = BUILT_PRODUCTS_DIR; };
		413430302C290AE800BD7E5B /* Daily_WinsUITests.swift */ = {isa = PBXFileReference; lastKnownFileType = sourcecode.swift; path = Daily_WinsUITests.swift; sourceTree = "<group>"; };
		413430322C290AE800BD7E5B /* Daily_WinsUITestsLaunchTests.swift */ = {isa = PBXFileReference; lastKnownFileType = sourcecode.swift; path = Daily_WinsUITestsLaunchTests.swift; sourceTree = "<group>"; };
		B42696312C35AF4600DDEC36 /* TreeViewViewModel.swift */ = {isa = PBXFileReference; lastKnownFileType = sourcecode.swift; path = TreeViewViewModel.swift; sourceTree = "<group>"; };
		B42696332C35AF6500DDEC36 /* TreeView.swift */ = {isa = PBXFileReference; lastKnownFileType = sourcecode.swift; path = TreeView.swift; sourceTree = "<group>"; };
		B43D25B72C2A893300D867DB /* GoogleService-Info.plist */ = {isa = PBXFileReference; fileEncoding = 4; lastKnownFileType = text.plist.xml; path = "GoogleService-Info.plist"; sourceTree = "<group>"; };
		B43D25C12C2A8C7800D867DB /* ToDoListView.swift */ = {isa = PBXFileReference; lastKnownFileType = sourcecode.swift; path = ToDoListView.swift; sourceTree = "<group>"; };
		B43D25C52C2A8CD800D867DB /* NewItemView.swift */ = {isa = PBXFileReference; lastKnownFileType = sourcecode.swift; path = NewItemView.swift; sourceTree = "<group>"; };
		B43D25C92C2A8D1F00D867DB /* ToDoListItemView.swift */ = {isa = PBXFileReference; lastKnownFileType = sourcecode.swift; path = ToDoListItemView.swift; sourceTree = "<group>"; };
		B43D25CD2C2A8DAB00D867DB /* ToDoListItem.swift */ = {isa = PBXFileReference; lastKnownFileType = sourcecode.swift; path = ToDoListItem.swift; sourceTree = "<group>"; };
		B43D25D12C2A8DDB00D867DB /* ContentViewViewModel.swift */ = {isa = PBXFileReference; lastKnownFileType = sourcecode.swift; path = ContentViewViewModel.swift; sourceTree = "<group>"; };
		B43D25D62C2A8DF200D867DB /* ToDoListViewViewModel.swift */ = {isa = PBXFileReference; lastKnownFileType = sourcecode.swift; path = ToDoListViewViewModel.swift; sourceTree = "<group>"; };
		B43D25DA2C2A8E1200D867DB /* ToDoListItemViewViewModel.swift */ = {isa = PBXFileReference; lastKnownFileType = sourcecode.swift; path = ToDoListItemViewViewModel.swift; sourceTree = "<group>"; };
		B43D25DE2C2A8E2400D867DB /* NewItemViewViewModel.swift */ = {isa = PBXFileReference; lastKnownFileType = sourcecode.swift; path = NewItemViewViewModel.swift; sourceTree = "<group>"; };
		B43D25E22C2A8E8800D867DB /* LoginView.swift */ = {isa = PBXFileReference; lastKnownFileType = sourcecode.swift; path = LoginView.swift; sourceTree = "<group>"; };
		B43D25E62C2A8E9E00D867DB /* RegisterView.swift */ = {isa = PBXFileReference; lastKnownFileType = sourcecode.swift; path = RegisterView.swift; sourceTree = "<group>"; };
		B43D25EA2C2A8EC400D867DB /* LoginViewViewModel.swift */ = {isa = PBXFileReference; lastKnownFileType = sourcecode.swift; path = LoginViewViewModel.swift; sourceTree = "<group>"; };
		B43D25EE2C2A8ECD00D867DB /* RegisterViewViewModel.swift */ = {isa = PBXFileReference; lastKnownFileType = sourcecode.swift; path = RegisterViewViewModel.swift; sourceTree = "<group>"; };
		B43D25F22C2A932C00D867DB /* HeaderView.swift */ = {isa = PBXFileReference; lastKnownFileType = sourcecode.swift; path = HeaderView.swift; sourceTree = "<group>"; };
		B43D25F62C2B9E2600D867DB /* TLButton.swift */ = {isa = PBXFileReference; lastKnownFileType = sourcecode.swift; path = TLButton.swift; sourceTree = "<group>"; };
		B4534BA32C2CACF60089A51F /* ProfileView.swift */ = {isa = PBXFileReference; lastKnownFileType = sourcecode.swift; path = ProfileView.swift; sourceTree = "<group>"; };
		B4534BA52C2CAD070089A51F /* ProfileViewViewModel.swift */ = {isa = PBXFileReference; lastKnownFileType = sourcecode.swift; path = ProfileViewViewModel.swift; sourceTree = "<group>"; };
		B4534BA92C2CB8B90089A51F /* User.swift */ = {isa = PBXFileReference; lastKnownFileType = sourcecode.swift; path = User.swift; sourceTree = "<group>"; };
		B4534BAB2C2CB9B80089A51F /* Extentions.swift */ = {isa = PBXFileReference; lastKnownFileType = sourcecode.swift; path = Extentions.swift; sourceTree = "<group>"; };
		B48D7A0D2C2E47FF002779E1 /* HomePageView.swift */ = {isa = PBXFileReference; lastKnownFileType = sourcecode.swift; path = HomePageView.swift; sourceTree = "<group>"; };
		B48D7A0F2C2E480D002779E1 /* HomePageViewViewModel.swift */ = {isa = PBXFileReference; lastKnownFileType = sourcecode.swift; path = HomePageViewViewModel.swift; sourceTree = "<group>"; };
		B48D7A112C2E54DE002779E1 /* WeeklyCalenderView.swift */ = {isa = PBXFileReference; lastKnownFileType = sourcecode.swift; path = WeeklyCalenderView.swift; sourceTree = "<group>"; };
		B4B6623C2C3351850044373A /* FullCalendarView.swift */ = {isa = PBXFileReference; lastKnownFileType = sourcecode.swift; path = FullCalendarView.swift; sourceTree = "<group>"; };
		B4B6623E2C33554B0044373A /* DateValue.swift */ = {isa = PBXFileReference; lastKnownFileType = sourcecode.swift; path = DateValue.swift; sourceTree = "<group>"; };
/* End PBXFileReference section */

/* Begin PBXFrameworksBuildPhase section */
		4134300F2C290AE600BD7E5B /* Frameworks */ = {
			isa = PBXFrameworksBuildPhase;
			buildActionMask = 2147483647;
			files = (
				B43D25B22C2A882700D867DB /* FirebaseAuth in Frameworks */,
				B43D25B42C2A882700D867DB /* FirebaseFirestore in Frameworks */,
				B43D25B62C2A882700D867DB /* FirebaseFirestoreSwift in Frameworks */,
			);
			runOnlyForDeploymentPostprocessing = 0;
		};
		4134301F2C290AE800BD7E5B /* Frameworks */ = {
			isa = PBXFrameworksBuildPhase;
			buildActionMask = 2147483647;
			files = (
			);
			runOnlyForDeploymentPostprocessing = 0;
		};
		413430292C290AE800BD7E5B /* Frameworks */ = {
			isa = PBXFrameworksBuildPhase;
			buildActionMask = 2147483647;
			files = (
			);
			runOnlyForDeploymentPostprocessing = 0;
		};
/* End PBXFrameworksBuildPhase section */

/* Begin PBXGroup section */
		413430092C290AE600BD7E5B = {
			isa = PBXGroup;
			children = (
				413430142C290AE600BD7E5B /* Daily-Wins */,
				413430252C290AE800BD7E5B /* Daily-WinsTests */,
				4134302F2C290AE800BD7E5B /* Daily-WinsUITests */,
				413430132C290AE600BD7E5B /* Products */,
			);
			sourceTree = "<group>";
		};
		413430132C290AE600BD7E5B /* Products */ = {
			isa = PBXGroup;
			children = (
				413430122C290AE600BD7E5B /* Daily-Wins.app */,
				413430222C290AE800BD7E5B /* Daily-WinsTests.xctest */,
				4134302C2C290AE800BD7E5B /* Daily-WinsUITests.xctest */,
			);
			name = Products;
			sourceTree = "<group>";
		};
		413430142C290AE600BD7E5B /* Daily-Wins */ = {
			isa = PBXGroup;
			children = (
				B43D25BE2C2A8ADE00D867DB /* Other */,
				B43D25BD2C2A8ACA00D867DB /* Models */,
				B43D25BC2C2A8AB100D867DB /* ViewModels */,
				B43D25BB2C2A8AA100D867DB /* Views */,
				4134301B2C290AE800BD7E5B /* Preview Content */,
			);
			path = "Daily-Wins";
			sourceTree = "<group>";
		};
		4134301B2C290AE800BD7E5B /* Preview Content */ = {
			isa = PBXGroup;
			children = (
				4134301C2C290AE800BD7E5B /* Preview Assets.xcassets */,
			);
			path = "Preview Content";
			sourceTree = "<group>";
		};
		413430252C290AE800BD7E5B /* Daily-WinsTests */ = {
			isa = PBXGroup;
			children = (
				413430262C290AE800BD7E5B /* Daily_WinsTests.swift */,
			);
			path = "Daily-WinsTests";
			sourceTree = "<group>";
		};
		4134302F2C290AE800BD7E5B /* Daily-WinsUITests */ = {
			isa = PBXGroup;
			children = (
				413430302C290AE800BD7E5B /* Daily_WinsUITests.swift */,
				413430322C290AE800BD7E5B /* Daily_WinsUITestsLaunchTests.swift */,
			);
			path = "Daily-WinsUITests";
			sourceTree = "<group>";
		};
		B43D25BB2C2A8AA100D867DB /* Views */ = {
			isa = PBXGroup;
			children = (
				413430172C290AE600BD7E5B /* ContentView.swift */,
				B48D7A0D2C2E47FF002779E1 /* HomePageView.swift */,
				B4534BA32C2CACF60089A51F /* ProfileView.swift */,
				B43D25C12C2A8C7800D867DB /* ToDoListView.swift */,
				B43D25C52C2A8CD800D867DB /* NewItemView.swift */,
				B43D25C92C2A8D1F00D867DB /* ToDoListItemView.swift */,
				B43D25E22C2A8E8800D867DB /* LoginView.swift */,
				B43D25F22C2A932C00D867DB /* HeaderView.swift */,
				B43D25E62C2A8E9E00D867DB /* RegisterView.swift */,
				B43D25F62C2B9E2600D867DB /* TLButton.swift */,
				B48D7A112C2E54DE002779E1 /* WeeklyCalenderView.swift */,
				B4B6623C2C3351850044373A /* FullCalendarView.swift */,
				B42696332C35AF6500DDEC36 /* TreeView.swift */,
			);
			path = Views;
			sourceTree = "<group>";
		};
		B43D25BC2C2A8AB100D867DB /* ViewModels */ = {
			isa = PBXGroup;
			children = (
				B43D25D12C2A8DDB00D867DB /* ContentViewViewModel.swift */,
				B48D7A0F2C2E480D002779E1 /* HomePageViewViewModel.swift */,
				B4534BA52C2CAD070089A51F /* ProfileViewViewModel.swift */,
				B43D25D62C2A8DF200D867DB /* ToDoListViewViewModel.swift */,
				B43D25DE2C2A8E2400D867DB /* NewItemViewViewModel.swift */,
				B43D25DA2C2A8E1200D867DB /* ToDoListItemViewViewModel.swift */,
				B43D25EA2C2A8EC400D867DB /* LoginViewViewModel.swift */,
				B43D25EE2C2A8ECD00D867DB /* RegisterViewViewModel.swift */,
				B42696312C35AF4600DDEC36 /* TreeViewViewModel.swift */,
			);
			path = ViewModels;
			sourceTree = "<group>";
		};
		B43D25BD2C2A8ACA00D867DB /* Models */ = {
			isa = PBXGroup;
			children = (
				B43D25CD2C2A8DAB00D867DB /* ToDoListItem.swift */,
				B4534BA92C2CB8B90089A51F /* User.swift */,
				B4B6623E2C33554B0044373A /* DateValue.swift */,
			);
			path = Models;
			sourceTree = "<group>";
		};
		B43D25BE2C2A8ADE00D867DB /* Other */ = {
			isa = PBXGroup;
			children = (
				413430192C290AE800BD7E5B /* Assets.xcassets */,
				413430152C290AE600BD7E5B /* Daily_WinsApp.swift */,
				B43D25B72C2A893300D867DB /* GoogleService-Info.plist */,
				B4534BAB2C2CB9B80089A51F /* Extentions.swift */,
			);
			path = Other;
			sourceTree = "<group>";
		};
/* End PBXGroup section */

/* Begin PBXNativeTarget section */
		413430112C290AE600BD7E5B /* Daily-Wins */ = {
			isa = PBXNativeTarget;
			buildConfigurationList = 413430362C290AE800BD7E5B /* Build configuration list for PBXNativeTarget "Daily-Wins" */;
			buildPhases = (
				4134300E2C290AE600BD7E5B /* Sources */,
				4134300F2C290AE600BD7E5B /* Frameworks */,
				413430102C290AE600BD7E5B /* Resources */,
			);
			buildRules = (
			);
			dependencies = (
			);
			name = "Daily-Wins";
			packageProductDependencies = (
				B43D25B12C2A882700D867DB /* FirebaseAuth */,
				B43D25B32C2A882700D867DB /* FirebaseFirestore */,
				B43D25B52C2A882700D867DB /* FirebaseFirestoreSwift */,
			);
			productName = "Daily-Wins";
			productReference = 413430122C290AE600BD7E5B /* Daily-Wins.app */;
			productType = "com.apple.product-type.application";
		};
		413430212C290AE800BD7E5B /* Daily-WinsTests */ = {
			isa = PBXNativeTarget;
			buildConfigurationList = 413430392C290AE800BD7E5B /* Build configuration list for PBXNativeTarget "Daily-WinsTests" */;
			buildPhases = (
				4134301E2C290AE800BD7E5B /* Sources */,
				4134301F2C290AE800BD7E5B /* Frameworks */,
				413430202C290AE800BD7E5B /* Resources */,
			);
			buildRules = (
			);
			dependencies = (
				413430242C290AE800BD7E5B /* PBXTargetDependency */,
			);
			name = "Daily-WinsTests";
			productName = "Daily-WinsTests";
			productReference = 413430222C290AE800BD7E5B /* Daily-WinsTests.xctest */;
			productType = "com.apple.product-type.bundle.unit-test";
		};
		4134302B2C290AE800BD7E5B /* Daily-WinsUITests */ = {
			isa = PBXNativeTarget;
			buildConfigurationList = 4134303C2C290AE800BD7E5B /* Build configuration list for PBXNativeTarget "Daily-WinsUITests" */;
			buildPhases = (
				413430282C290AE800BD7E5B /* Sources */,
				413430292C290AE800BD7E5B /* Frameworks */,
				4134302A2C290AE800BD7E5B /* Resources */,
			);
			buildRules = (
			);
			dependencies = (
				4134302E2C290AE800BD7E5B /* PBXTargetDependency */,
			);
			name = "Daily-WinsUITests";
			productName = "Daily-WinsUITests";
			productReference = 4134302C2C290AE800BD7E5B /* Daily-WinsUITests.xctest */;
			productType = "com.apple.product-type.bundle.ui-testing";
		};
/* End PBXNativeTarget section */

/* Begin PBXProject section */
		4134300A2C290AE600BD7E5B /* Project object */ = {
			isa = PBXProject;
			attributes = {
				BuildIndependentTargetsInParallel = 1;
				LastSwiftUpdateCheck = 1540;
				LastUpgradeCheck = 1540;
				TargetAttributes = {
					413430112C290AE600BD7E5B = {
						CreatedOnToolsVersion = 15.4;
					};
					413430212C290AE800BD7E5B = {
						CreatedOnToolsVersion = 15.4;
						TestTargetID = 413430112C290AE600BD7E5B;
					};
					4134302B2C290AE800BD7E5B = {
						CreatedOnToolsVersion = 15.4;
						TestTargetID = 413430112C290AE600BD7E5B;
					};
				};
			};
			buildConfigurationList = 4134300D2C290AE600BD7E5B /* Build configuration list for PBXProject "Daily-Wins" */;
			compatibilityVersion = "Xcode 14.0";
			developmentRegion = en;
			hasScannedForEncodings = 0;
			knownRegions = (
				en,
				Base,
			);
			mainGroup = 413430092C290AE600BD7E5B;
			packageReferences = (
				B43D25B02C2A882700D867DB /* XCRemoteSwiftPackageReference "firebase-ios-sdk" */,
			);
			productRefGroup = 413430132C290AE600BD7E5B /* Products */;
			projectDirPath = "";
			projectRoot = "";
			targets = (
				413430112C290AE600BD7E5B /* Daily-Wins */,
				413430212C290AE800BD7E5B /* Daily-WinsTests */,
				4134302B2C290AE800BD7E5B /* Daily-WinsUITests */,
			);
		};
/* End PBXProject section */

/* Begin PBXResourcesBuildPhase section */
		413430102C290AE600BD7E5B /* Resources */ = {
			isa = PBXResourcesBuildPhase;
			buildActionMask = 2147483647;
			files = (
				4134301D2C290AE800BD7E5B /* Preview Assets.xcassets in Resources */,
				4134301A2C290AE800BD7E5B /* Assets.xcassets in Resources */,
				B43D25B82C2A893300D867DB /* GoogleService-Info.plist in Resources */,
			);
			runOnlyForDeploymentPostprocessing = 0;
		};
		413430202C290AE800BD7E5B /* Resources */ = {
			isa = PBXResourcesBuildPhase;
			buildActionMask = 2147483647;
			files = (
				B43D25B92C2A893300D867DB /* GoogleService-Info.plist in Resources */,
			);
			runOnlyForDeploymentPostprocessing = 0;
		};
		4134302A2C290AE800BD7E5B /* Resources */ = {
			isa = PBXResourcesBuildPhase;
			buildActionMask = 2147483647;
			files = (
				B43D25BA2C2A893300D867DB /* GoogleService-Info.plist in Resources */,
			);
			runOnlyForDeploymentPostprocessing = 0;
		};
/* End PBXResourcesBuildPhase section */

/* Begin PBXSourcesBuildPhase section */
		4134300E2C290AE600BD7E5B /* Sources */ = {
			isa = PBXSourcesBuildPhase;
			buildActionMask = 2147483647;
			files = (
				B43D25CA2C2A8D1F00D867DB /* ToDoListItemView.swift in Sources */,
				B43D25DB2C2A8E1200D867DB /* ToDoListItemViewViewModel.swift in Sources */,
				B43D25C62C2A8CD800D867DB /* NewItemView.swift in Sources */,
				B48D7A102C2E480D002779E1 /* HomePageViewViewModel.swift in Sources */,
				B43D25D22C2A8DDB00D867DB /* ContentViewViewModel.swift in Sources */,
				B43D25CE2C2A8DAB00D867DB /* ToDoListItem.swift in Sources */,
				B42696342C35AF6500DDEC36 /* TreeView.swift in Sources */,
				B4534BA62C2CAD070089A51F /* ProfileViewViewModel.swift in Sources */,
				B43D25F72C2B9E2700D867DB /* TLButton.swift in Sources */,
				413430182C290AE600BD7E5B /* ContentView.swift in Sources */,
				B43D25EF2C2A8ECD00D867DB /* RegisterViewViewModel.swift in Sources */,
				B43D25EB2C2A8EC400D867DB /* LoginViewViewModel.swift in Sources */,
				B4534BA42C2CACF60089A51F /* ProfileView.swift in Sources */,
				B43D25C22C2A8C7800D867DB /* ToDoListView.swift in Sources */,
				B4534BAC2C2CB9B80089A51F /* Extentions.swift in Sources */,
				B43D25DF2C2A8E2400D867DB /* NewItemViewViewModel.swift in Sources */,
				B43D25F32C2A932C00D867DB /* HeaderView.swift in Sources */,
				B43D25E32C2A8E8800D867DB /* LoginView.swift in Sources */,
				B42696322C35AF4600DDEC36 /* TreeViewViewModel.swift in Sources */,
				B4B6623D2C3351850044373A /* FullCalendarView.swift in Sources */,
				B43D25E72C2A8E9E00D867DB /* RegisterView.swift in Sources */,
				B4B6623F2C33554B0044373A /* DateValue.swift in Sources */,
				413430162C290AE600BD7E5B /* Daily_WinsApp.swift in Sources */,
				B48D7A122C2E54DE002779E1 /* WeeklyCalenderView.swift in Sources */,
				B43D25D72C2A8DF200D867DB /* ToDoListViewViewModel.swift in Sources */,
				B48D7A0E2C2E47FF002779E1 /* HomePageView.swift in Sources */,
				B4534BAA2C2CB8B90089A51F /* User.swift in Sources */,
			);
			runOnlyForDeploymentPostprocessing = 0;
		};
		4134301E2C290AE800BD7E5B /* Sources */ = {
			isa = PBXSourcesBuildPhase;
			buildActionMask = 2147483647;
			files = (
				B43D25CB2C2A8D1F00D867DB /* ToDoListItemView.swift in Sources */,
				B43D25DC2C2A8E1200D867DB /* ToDoListItemViewViewModel.swift in Sources */,
				B43D25C72C2A8CD800D867DB /* NewItemView.swift in Sources */,
				B43D25D32C2A8DDB00D867DB /* ContentViewViewModel.swift in Sources */,
				B43D25CF2C2A8DAB00D867DB /* ToDoListItem.swift in Sources */,
				B43D25BF2C2A8AF000D867DB /* Daily_WinsApp.swift in Sources */,
				B43D25F02C2A8ECD00D867DB /* RegisterViewViewModel.swift in Sources */,
				B43D25EC2C2A8EC500D867DB /* LoginViewViewModel.swift in Sources */,
				B43D25C32C2A8C7900D867DB /* ToDoListView.swift in Sources */,
				B43D25E02C2A8E2400D867DB /* NewItemViewViewModel.swift in Sources */,
				B43D25F42C2A932C00D867DB /* HeaderView.swift in Sources */,
				B43D25E42C2A8E8800D867DB /* LoginView.swift in Sources */,
				B43D25E82C2A8E9E00D867DB /* RegisterView.swift in Sources */,
				413430272C290AE800BD7E5B /* Daily_WinsTests.swift in Sources */,
				B43D25D82C2A8DF200D867DB /* ToDoListViewViewModel.swift in Sources */,
			);
			runOnlyForDeploymentPostprocessing = 0;
		};
		413430282C290AE800BD7E5B /* Sources */ = {
			isa = PBXSourcesBuildPhase;
			buildActionMask = 2147483647;
			files = (
				B43D25C02C2A8AF000D867DB /* Daily_WinsApp.swift in Sources */,
				B43D25ED2C2A8EC500D867DB /* LoginViewViewModel.swift in Sources */,
				B43D25D02C2A8DAB00D867DB /* ToDoListItem.swift in Sources */,
				B43D25E92C2A8E9E00D867DB /* RegisterView.swift in Sources */,
				B43D25DD2C2A8E1200D867DB /* ToDoListItemViewViewModel.swift in Sources */,
				B43D25F12C2A8ECD00D867DB /* RegisterViewViewModel.swift in Sources */,
				B43D25CC2C2A8D1F00D867DB /* ToDoListItemView.swift in Sources */,
				B43D25C42C2A8C7900D867DB /* ToDoListView.swift in Sources */,
				B43D25D92C2A8DF200D867DB /* ToDoListViewViewModel.swift in Sources */,
				B43D25E52C2A8E8800D867DB /* LoginView.swift in Sources */,
				413430312C290AE800BD7E5B /* Daily_WinsUITests.swift in Sources */,
				B43D25E12C2A8E2400D867DB /* NewItemViewViewModel.swift in Sources */,
				413430332C290AE800BD7E5B /* Daily_WinsUITestsLaunchTests.swift in Sources */,
				B43D25C82C2A8CD800D867DB /* NewItemView.swift in Sources */,
				B43D25D42C2A8DDB00D867DB /* ContentViewViewModel.swift in Sources */,
				B43D25F52C2A932C00D867DB /* HeaderView.swift in Sources */,
			);
			runOnlyForDeploymentPostprocessing = 0;
		};
/* End PBXSourcesBuildPhase section */

/* Begin PBXTargetDependency section */
		413430242C290AE800BD7E5B /* PBXTargetDependency */ = {
			isa = PBXTargetDependency;
			target = 413430112C290AE600BD7E5B /* Daily-Wins */;
			targetProxy = 413430232C290AE800BD7E5B /* PBXContainerItemProxy */;
		};
		4134302E2C290AE800BD7E5B /* PBXTargetDependency */ = {
			isa = PBXTargetDependency;
			target = 413430112C290AE600BD7E5B /* Daily-Wins */;
			targetProxy = 4134302D2C290AE800BD7E5B /* PBXContainerItemProxy */;
		};
/* End PBXTargetDependency section */

/* Begin XCBuildConfiguration section */
		413430342C290AE800BD7E5B /* Debug */ = {
			isa = XCBuildConfiguration;
			buildSettings = {
				ALWAYS_SEARCH_USER_PATHS = NO;
				ASSETCATALOG_COMPILER_GENERATE_SWIFT_ASSET_SYMBOL_EXTENSIONS = YES;
				CLANG_ANALYZER_NONNULL = YES;
				CLANG_ANALYZER_NUMBER_OBJECT_CONVERSION = YES_AGGRESSIVE;
				CLANG_CXX_LANGUAGE_STANDARD = "gnu++20";
				CLANG_ENABLE_MODULES = YES;
				CLANG_ENABLE_OBJC_ARC = YES;
				CLANG_ENABLE_OBJC_WEAK = YES;
				CLANG_WARN_BLOCK_CAPTURE_AUTORELEASING = YES;
				CLANG_WARN_BOOL_CONVERSION = YES;
				CLANG_WARN_COMMA = YES;
				CLANG_WARN_CONSTANT_CONVERSION = YES;
				CLANG_WARN_DEPRECATED_OBJC_IMPLEMENTATIONS = YES;
				CLANG_WARN_DIRECT_OBJC_ISA_USAGE = YES_ERROR;
				CLANG_WARN_DOCUMENTATION_COMMENTS = YES;
				CLANG_WARN_EMPTY_BODY = YES;
				CLANG_WARN_ENUM_CONVERSION = YES;
				CLANG_WARN_INFINITE_RECURSION = YES;
				CLANG_WARN_INT_CONVERSION = YES;
				CLANG_WARN_NON_LITERAL_NULL_CONVERSION = YES;
				CLANG_WARN_OBJC_IMPLICIT_RETAIN_SELF = YES;
				CLANG_WARN_OBJC_LITERAL_CONVERSION = YES;
				CLANG_WARN_OBJC_ROOT_CLASS = YES_ERROR;
				CLANG_WARN_QUOTED_INCLUDE_IN_FRAMEWORK_HEADER = YES;
				CLANG_WARN_RANGE_LOOP_ANALYSIS = YES;
				CLANG_WARN_STRICT_PROTOTYPES = YES;
				CLANG_WARN_SUSPICIOUS_MOVE = YES;
				CLANG_WARN_UNGUARDED_AVAILABILITY = YES_AGGRESSIVE;
				CLANG_WARN_UNREACHABLE_CODE = YES;
				CLANG_WARN__DUPLICATE_METHOD_MATCH = YES;
				COPY_PHASE_STRIP = NO;
				DEBUG_INFORMATION_FORMAT = dwarf;
				ENABLE_STRICT_OBJC_MSGSEND = YES;
				ENABLE_TESTABILITY = YES;
				ENABLE_USER_SCRIPT_SANDBOXING = YES;
				GCC_C_LANGUAGE_STANDARD = gnu17;
				GCC_DYNAMIC_NO_PIC = NO;
				GCC_NO_COMMON_BLOCKS = YES;
				GCC_OPTIMIZATION_LEVEL = 0;
				GCC_PREPROCESSOR_DEFINITIONS = (
					"DEBUG=1",
					"$(inherited)",
				);
				GCC_WARN_64_TO_32_BIT_CONVERSION = YES;
				GCC_WARN_ABOUT_RETURN_TYPE = YES_ERROR;
				GCC_WARN_UNDECLARED_SELECTOR = YES;
				GCC_WARN_UNINITIALIZED_AUTOS = YES_AGGRESSIVE;
				GCC_WARN_UNUSED_FUNCTION = YES;
				GCC_WARN_UNUSED_VARIABLE = YES;
				IPHONEOS_DEPLOYMENT_TARGET = 17.5;
				LOCALIZATION_PREFERS_STRING_CATALOGS = YES;
				MTL_ENABLE_DEBUG_INFO = INCLUDE_SOURCE;
				MTL_FAST_MATH = YES;
				ONLY_ACTIVE_ARCH = YES;
				SDKROOT = iphoneos;
				SWIFT_ACTIVE_COMPILATION_CONDITIONS = "DEBUG $(inherited)";
				SWIFT_OPTIMIZATION_LEVEL = "-Onone";
			};
			name = Debug;
		};
		413430352C290AE800BD7E5B /* Release */ = {
			isa = XCBuildConfiguration;
			buildSettings = {
				ALWAYS_SEARCH_USER_PATHS = NO;
				ASSETCATALOG_COMPILER_GENERATE_SWIFT_ASSET_SYMBOL_EXTENSIONS = YES;
				CLANG_ANALYZER_NONNULL = YES;
				CLANG_ANALYZER_NUMBER_OBJECT_CONVERSION = YES_AGGRESSIVE;
				CLANG_CXX_LANGUAGE_STANDARD = "gnu++20";
				CLANG_ENABLE_MODULES = YES;
				CLANG_ENABLE_OBJC_ARC = YES;
				CLANG_ENABLE_OBJC_WEAK = YES;
				CLANG_WARN_BLOCK_CAPTURE_AUTORELEASING = YES;
				CLANG_WARN_BOOL_CONVERSION = YES;
				CLANG_WARN_COMMA = YES;
				CLANG_WARN_CONSTANT_CONVERSION = YES;
				CLANG_WARN_DEPRECATED_OBJC_IMPLEMENTATIONS = YES;
				CLANG_WARN_DIRECT_OBJC_ISA_USAGE = YES_ERROR;
				CLANG_WARN_DOCUMENTATION_COMMENTS = YES;
				CLANG_WARN_EMPTY_BODY = YES;
				CLANG_WARN_ENUM_CONVERSION = YES;
				CLANG_WARN_INFINITE_RECURSION = YES;
				CLANG_WARN_INT_CONVERSION = YES;
				CLANG_WARN_NON_LITERAL_NULL_CONVERSION = YES;
				CLANG_WARN_OBJC_IMPLICIT_RETAIN_SELF = YES;
				CLANG_WARN_OBJC_LITERAL_CONVERSION = YES;
				CLANG_WARN_OBJC_ROOT_CLASS = YES_ERROR;
				CLANG_WARN_QUOTED_INCLUDE_IN_FRAMEWORK_HEADER = YES;
				CLANG_WARN_RANGE_LOOP_ANALYSIS = YES;
				CLANG_WARN_STRICT_PROTOTYPES = YES;
				CLANG_WARN_SUSPICIOUS_MOVE = YES;
				CLANG_WARN_UNGUARDED_AVAILABILITY = YES_AGGRESSIVE;
				CLANG_WARN_UNREACHABLE_CODE = YES;
				CLANG_WARN__DUPLICATE_METHOD_MATCH = YES;
				COPY_PHASE_STRIP = NO;
				DEBUG_INFORMATION_FORMAT = "dwarf-with-dsym";
				ENABLE_NS_ASSERTIONS = NO;
				ENABLE_STRICT_OBJC_MSGSEND = YES;
				ENABLE_USER_SCRIPT_SANDBOXING = YES;
				GCC_C_LANGUAGE_STANDARD = gnu17;
				GCC_NO_COMMON_BLOCKS = YES;
				GCC_WARN_64_TO_32_BIT_CONVERSION = YES;
				GCC_WARN_ABOUT_RETURN_TYPE = YES_ERROR;
				GCC_WARN_UNDECLARED_SELECTOR = YES;
				GCC_WARN_UNINITIALIZED_AUTOS = YES_AGGRESSIVE;
				GCC_WARN_UNUSED_FUNCTION = YES;
				GCC_WARN_UNUSED_VARIABLE = YES;
				IPHONEOS_DEPLOYMENT_TARGET = 17.5;
				LOCALIZATION_PREFERS_STRING_CATALOGS = YES;
				MTL_ENABLE_DEBUG_INFO = NO;
				MTL_FAST_MATH = YES;
				SDKROOT = iphoneos;
				SWIFT_COMPILATION_MODE = wholemodule;
				VALIDATE_PRODUCT = YES;
			};
			name = Release;
		};
		413430372C290AE800BD7E5B /* Debug */ = {
			isa = XCBuildConfiguration;
			buildSettings = {
				ASSETCATALOG_COMPILER_APPICON_NAME = AppIcon;
				ASSETCATALOG_COMPILER_GLOBAL_ACCENT_COLOR_NAME = AccentColor;
				CODE_SIGN_STYLE = Automatic;
				CURRENT_PROJECT_VERSION = 1;
				DEVELOPMENT_ASSET_PATHS = "\"Daily-Wins/Preview Content\"";
				ENABLE_PREVIEWS = YES;
				GENERATE_INFOPLIST_FILE = YES;
				INFOPLIST_KEY_CFBundleDisplayName = "Daily Wins";
				INFOPLIST_KEY_UIApplicationSceneManifest_Generation = YES;
				INFOPLIST_KEY_UIApplicationSupportsIndirectInputEvents = YES;
				INFOPLIST_KEY_UILaunchScreen_Generation = YES;
				INFOPLIST_KEY_UISupportedInterfaceOrientations = UIInterfaceOrientationPortrait;
				IPHONEOS_DEPLOYMENT_TARGET = 17.2;
				LD_RUNPATH_SEARCH_PATHS = (
					"$(inherited)",
					"@executable_path/Frameworks",
				);
				MARKETING_VERSION = 1.0;
				PRODUCT_BUNDLE_IDENTIFIER = "NihalGunu.Daily-Wins";
				PRODUCT_NAME = "$(TARGET_NAME)";
				SWIFT_EMIT_LOC_STRINGS = YES;
				SWIFT_VERSION = 5.0;
				TARGETED_DEVICE_FAMILY = "1,2";
			};
			name = Debug;
		};
		413430382C290AE800BD7E5B /* Release */ = {
			isa = XCBuildConfiguration;
			buildSettings = {
				ASSETCATALOG_COMPILER_APPICON_NAME = AppIcon;
				ASSETCATALOG_COMPILER_GLOBAL_ACCENT_COLOR_NAME = AccentColor;
				CODE_SIGN_STYLE = Automatic;
				CURRENT_PROJECT_VERSION = 1;
				DEVELOPMENT_ASSET_PATHS = "\"Daily-Wins/Preview Content\"";
				ENABLE_PREVIEWS = YES;
				GENERATE_INFOPLIST_FILE = YES;
				INFOPLIST_KEY_CFBundleDisplayName = "Daily Wins";
				INFOPLIST_KEY_UIApplicationSceneManifest_Generation = YES;
				INFOPLIST_KEY_UIApplicationSupportsIndirectInputEvents = YES;
				INFOPLIST_KEY_UILaunchScreen_Generation = YES;
				INFOPLIST_KEY_UISupportedInterfaceOrientations = UIInterfaceOrientationPortrait;
				IPHONEOS_DEPLOYMENT_TARGET = 17.2;
				LD_RUNPATH_SEARCH_PATHS = (
					"$(inherited)",
					"@executable_path/Frameworks",
				);
				MARKETING_VERSION = 1.0;
				PRODUCT_BUNDLE_IDENTIFIER = "NihalGunu.Daily-Wins";
				PRODUCT_NAME = "$(TARGET_NAME)";
				SWIFT_EMIT_LOC_STRINGS = YES;
				SWIFT_VERSION = 5.0;
				TARGETED_DEVICE_FAMILY = "1,2";
			};
			name = Release;
		};
		4134303A2C290AE800BD7E5B /* Debug */ = {
			isa = XCBuildConfiguration;
			buildSettings = {
				ALWAYS_EMBED_SWIFT_STANDARD_LIBRARIES = YES;
				BUNDLE_LOADER = "$(TEST_HOST)";
				CODE_SIGN_STYLE = Automatic;
				CURRENT_PROJECT_VERSION = 1;
				GENERATE_INFOPLIST_FILE = YES;
				IPHONEOS_DEPLOYMENT_TARGET = 17.2;
				MARKETING_VERSION = 1.0;
				PRODUCT_BUNDLE_IDENTIFIER = "NihalGunu.Daily-WinsTests";
				PRODUCT_NAME = "$(TARGET_NAME)";
				SWIFT_EMIT_LOC_STRINGS = NO;
				SWIFT_VERSION = 5.0;
				TARGETED_DEVICE_FAMILY = "1,2";
				TEST_HOST = "$(BUILT_PRODUCTS_DIR)/Daily-Wins.app/$(BUNDLE_EXECUTABLE_FOLDER_PATH)/Daily-Wins";
			};
			name = Debug;
		};
		4134303B2C290AE800BD7E5B /* Release */ = {
			isa = XCBuildConfiguration;
			buildSettings = {
				ALWAYS_EMBED_SWIFT_STANDARD_LIBRARIES = YES;
				BUNDLE_LOADER = "$(TEST_HOST)";
				CODE_SIGN_STYLE = Automatic;
				CURRENT_PROJECT_VERSION = 1;
				GENERATE_INFOPLIST_FILE = YES;
				IPHONEOS_DEPLOYMENT_TARGET = 17.2;
				MARKETING_VERSION = 1.0;
				PRODUCT_BUNDLE_IDENTIFIER = "NihalGunu.Daily-WinsTests";
				PRODUCT_NAME = "$(TARGET_NAME)";
				SWIFT_EMIT_LOC_STRINGS = NO;
				SWIFT_VERSION = 5.0;
				TARGETED_DEVICE_FAMILY = "1,2";
				TEST_HOST = "$(BUILT_PRODUCTS_DIR)/Daily-Wins.app/$(BUNDLE_EXECUTABLE_FOLDER_PATH)/Daily-Wins";
			};
			name = Release;
		};
		4134303D2C290AE800BD7E5B /* Debug */ = {
			isa = XCBuildConfiguration;
			buildSettings = {
				ALWAYS_EMBED_SWIFT_STANDARD_LIBRARIES = YES;
				CODE_SIGN_STYLE = Automatic;
				CURRENT_PROJECT_VERSION = 1;
				GENERATE_INFOPLIST_FILE = YES;
				IPHONEOS_DEPLOYMENT_TARGET = 17.2;
				MARKETING_VERSION = 1.0;
				PRODUCT_BUNDLE_IDENTIFIER = "NihalGunu.Daily-WinsUITests";
				PRODUCT_NAME = "$(TARGET_NAME)";
				SWIFT_EMIT_LOC_STRINGS = NO;
				SWIFT_VERSION = 5.0;
				TARGETED_DEVICE_FAMILY = "1,2";
				TEST_TARGET_NAME = "Daily-Wins";
			};
			name = Debug;
		};
		4134303E2C290AE800BD7E5B /* Release */ = {
			isa = XCBuildConfiguration;
			buildSettings = {
				ALWAYS_EMBED_SWIFT_STANDARD_LIBRARIES = YES;
				CODE_SIGN_STYLE = Automatic;
				CURRENT_PROJECT_VERSION = 1;
				GENERATE_INFOPLIST_FILE = YES;
				IPHONEOS_DEPLOYMENT_TARGET = 17.2;
				MARKETING_VERSION = 1.0;
				PRODUCT_BUNDLE_IDENTIFIER = "NihalGunu.Daily-WinsUITests";
				PRODUCT_NAME = "$(TARGET_NAME)";
				SWIFT_EMIT_LOC_STRINGS = NO;
				SWIFT_VERSION = 5.0;
				TARGETED_DEVICE_FAMILY = "1,2";
				TEST_TARGET_NAME = "Daily-Wins";
			};
			name = Release;
		};
/* End XCBuildConfiguration section */

/* Begin XCConfigurationList section */
		4134300D2C290AE600BD7E5B /* Build configuration list for PBXProject "Daily-Wins" */ = {
			isa = XCConfigurationList;
			buildConfigurations = (
				413430342C290AE800BD7E5B /* Debug */,
				413430352C290AE800BD7E5B /* Release */,
			);
			defaultConfigurationIsVisible = 0;
			defaultConfigurationName = Release;
		};
		413430362C290AE800BD7E5B /* Build configuration list for PBXNativeTarget "Daily-Wins" */ = {
			isa = XCConfigurationList;
			buildConfigurations = (
				413430372C290AE800BD7E5B /* Debug */,
				413430382C290AE800BD7E5B /* Release */,
			);
			defaultConfigurationIsVisible = 0;
			defaultConfigurationName = Release;
		};
		413430392C290AE800BD7E5B /* Build configuration list for PBXNativeTarget "Daily-WinsTests" */ = {
			isa = XCConfigurationList;
			buildConfigurations = (
				4134303A2C290AE800BD7E5B /* Debug */,
				4134303B2C290AE800BD7E5B /* Release */,
			);
			defaultConfigurationIsVisible = 0;
			defaultConfigurationName = Release;
		};
		4134303C2C290AE800BD7E5B /* Build configuration list for PBXNativeTarget "Daily-WinsUITests" */ = {
			isa = XCConfigurationList;
			buildConfigurations = (
				4134303D2C290AE800BD7E5B /* Debug */,
				4134303E2C290AE800BD7E5B /* Release */,
			);
			defaultConfigurationIsVisible = 0;
			defaultConfigurationName = Release;
		};
/* End XCConfigurationList section */

/* Begin XCRemoteSwiftPackageReference section */
		B43D25B02C2A882700D867DB /* XCRemoteSwiftPackageReference "firebase-ios-sdk" */ = {
			isa = XCRemoteSwiftPackageReference;
			repositoryURL = "https://github.com/firebase/firebase-ios-sdk";
			requirement = {
				kind = upToNextMajorVersion;
				minimumVersion = 10.28.1;
			};
		};
/* End XCRemoteSwiftPackageReference section */

/* Begin XCSwiftPackageProductDependency section */
		B43D25B12C2A882700D867DB /* FirebaseAuth */ = {
			isa = XCSwiftPackageProductDependency;
			package = B43D25B02C2A882700D867DB /* XCRemoteSwiftPackageReference "firebase-ios-sdk" */;
			productName = FirebaseAuth;
		};
		B43D25B32C2A882700D867DB /* FirebaseFirestore */ = {
			isa = XCSwiftPackageProductDependency;
			package = B43D25B02C2A882700D867DB /* XCRemoteSwiftPackageReference "firebase-ios-sdk" */;
			productName = FirebaseFirestore;
		};
		B43D25B52C2A882700D867DB /* FirebaseFirestoreSwift */ = {
			isa = XCSwiftPackageProductDependency;
			package = B43D25B02C2A882700D867DB /* XCRemoteSwiftPackageReference "firebase-ios-sdk" */;
			productName = FirebaseFirestoreSwift;
		};
/* End XCSwiftPackageProductDependency section */
	};
	rootObject = 4134300A2C290AE600BD7E5B /* Project object */;
}
