// !$*UTF8*$!
{
	archiveVersion = 1;
	classes = {
	};
	objectVersion = 56;
	objects = {

/* Begin PBXBuildFile section */
		413430162C290AE600BD7E5B /* Daily_WinsApp.swift in Sources */ = {isa = PBXBuildFile; fileRef = 413430152C290AE600BD7E5B /* Daily_WinsApp.swift */; };
		413430182C290AE600BD7E5B /* ContentView.swift in Sources */ = {isa = PBXBuildFile; fileRef = 413430172C290AE600BD7E5B /* ContentView.swift */; };
		4134301A2C290AE800BD7E5B /* Assets.xcassets in Resources */ = {isa = PBXBuildFile; fileRef = 413430192C290AE800BD7E5B /* Assets.xcassets */; };
		4134301D2C290AE800BD7E5B /* Preview Assets.xcassets in Resources */ = {isa = PBXBuildFile; fileRef = 4134301C2C290AE800BD7E5B /* Preview Assets.xcassets */; };
		413430272C290AE800BD7E5B /* Daily_WinsTests.swift in Sources */ = {isa = PBXBuildFile; fileRef = 413430262C290AE800BD7E5B /* Daily_WinsTests.swift */; };
		413430312C290AE800BD7E5B /* Daily_WinsUITests.swift in Sources */ = {isa = PBXBuildFile; fileRef = 413430302C290AE800BD7E5B /* Daily_WinsUITests.swift */; };
		413430332C290AE800BD7E5B /* Daily_WinsUITestsLaunchTests.swift in Sources */ = {isa = PBXBuildFile; fileRef = 413430322C290AE800BD7E5B /* Daily_WinsUITestsLaunchTests.swift */; };
/* End PBXBuildFile section */

/* Begin PBXContainerItemProxy section */
		413430232C290AE800BD7E5B /* PBXContainerItemProxy */ = {
			isa = PBXContainerItemProxy;
			containerPortal = 4134300A2C290AE600BD7E5B /* Project object */;
			proxyType = 1;
			remoteGlobalIDString = 413430112C290AE600BD7E5B;
			remoteInfo = "Daily-Wins";
		};
		4134302D2C290AE800BD7E5B /* PBXContainerItemProxy */ = {
			isa = PBXContainerItemProxy;
			containerPortal = 4134300A2C290AE600BD7E5B /* Project object */;
			proxyType = 1;
			remoteGlobalIDString = 413430112C290AE600BD7E5B;
			remoteInfo = "Daily-Wins";
		};
/* End PBXContainerItemProxy section */

/* Begin PBXFileReference section */
		413430122C290AE600BD7E5B /* Daily-Wins.app */ = {isa = PBXFileReference; explicitFileType = wrapper.application; includeInIndex = 0; path = "Daily-Wins.app"; sourceTree = BUILT_PRODUCTS_DIR; };
		413430152C290AE600BD7E5B /* Daily_WinsApp.swift */ = {isa = PBXFileReference; lastKnownFileType = sourcecode.swift; path = Daily_WinsApp.swift; sourceTree = "<group>"; };
		413430172C290AE600BD7E5B /* ContentView.swift */ = {isa = PBXFileReference; lastKnownFileType = sourcecode.swift; path = ContentView.swift; sourceTree = "<group>"; };
		413430192C290AE800BD7E5B /* Assets.xcassets */ = {isa = PBXFileReference; lastKnownFileType = folder.assetcatalog; path = Assets.xcassets; sourceTree = "<group>"; };
		4134301C2C290AE800BD7E5B /* Preview Assets.xcassets */ = {isa = PBXFileReference; lastKnownFileType = folder.assetcatalog; path = "Preview Assets.xcassets"; sourceTree = "<group>"; };
		413430222C290AE800BD7E5B /* Daily-WinsTests.xctest */ = {isa = PBXFileReference; explicitFileType = wrapper.cfbundle; includeInIndex = 0; path = "Daily-WinsTests.xctest"; sourceTree = BUILT_PRODUCTS_DIR; };
		413430262C290AE800BD7E5B /* Daily_WinsTests.swift */ = {isa = PBXFileReference; lastKnownFileType = sourcecode.swift; path = Daily_WinsTests.swift; sourceTree = "<group>"; };
		4134302C2C290AE800BD7E5B /* Daily-WinsUITests.xctest */ = {isa = PBXFileReference; explicitFileType = wrapper.cfbundle; includeInIndex = 0; path = "Daily-WinsUITests.xctest"; sourceTree = BUILT_PRODUCTS_DIR; };
		413430302C290AE800BD7E5B /* Daily_WinsUITests.swift */ = {isa = PBXFileReference; lastKnownFileType = sourcecode.swift; path = Daily_WinsUITests.swift; sourceTree = "<group>"; };
		413430322C290AE800BD7E5B /* Daily_WinsUITestsLaunchTests.swift */ = {isa = PBXFileReference; lastKnownFileType = sourcecode.swift; path = Daily_WinsUITestsLaunchTests.swift; sourceTree = "<group>"; };
/* End PBXFileReference section */

/* Begin PBXFrameworksBuildPhase section */
		4134300F2C290AE600BD7E5B /* Frameworks */ = {
			isa = PBXFrameworksBuildPhase;
			buildActionMask = 2147483647;
			files = (
			);
			runOnlyForDeploymentPostprocessing = 0;
		};
		4134301F2C290AE800BD7E5B /* Frameworks */ = {
			isa = PBXFrameworksBuildPhase;
			buildActionMask = 2147483647;
			files = (
			);
			runOnlyForDeploymentPostprocessing = 0;
		};
		413430292C290AE800BD7E5B /* Frameworks */ = {
			isa = PBXFrameworksBuildPhase;
			buildActionMask = 2147483647;
			files = (
			);
			runOnlyForDeploymentPostprocessing = 0;
		};
/* End PBXFrameworksBuildPhase section */

/* Begin PBXGroup section */
		413430092C290AE600BD7E5B = {
			isa = PBXGroup;
			children = (
				413430142C290AE600BD7E5B /* Daily-Wins */,
				413430252C290AE800BD7E5B /* Daily-WinsTests */,
				4134302F2C290AE800BD7E5B /* Daily-WinsUITests */,
				413430132C290AE600BD7E5B /* Products */,
			);
			sourceTree = "<group>";
		};
		413430132C290AE600BD7E5B /* Products */ = {
			isa = PBXGroup;
			children = (
				413430122C290AE600BD7E5B /* Daily-Wins.app */,
				413430222C290AE800BD7E5B /* Daily-WinsTests.xctest */,
				4134302C2C290AE800BD7E5B /* Daily-WinsUITests.xctest */,
			);
			name = Products;
			sourceTree = "<group>";
		};
		413430142C290AE600BD7E5B /* Daily-Wins */ = {
			isa = PBXGroup;
			children = (
				413430152C290AE600BD7E5B /* Daily_WinsApp.swift */,
				413430172C290AE600BD7E5B /* ContentView.swift */,
				413430192C290AE800BD7E5B /* Assets.xcassets */,
				4134301B2C290AE800BD7E5B /* Preview Content */,
			);
			path = "Daily-Wins";
			sourceTree = "<group>";
		};
		4134301B2C290AE800BD7E5B /* Preview Content */ = {
			isa = PBXGroup;
			children = (
				4134301C2C290AE800BD7E5B /* Preview Assets.xcassets */,
			);
			path = "Preview Content";
			sourceTree = "<group>";
		};
		413430252C290AE800BD7E5B /* Daily-WinsTests */ = {
			isa = PBXGroup;
			children = (
				413430262C290AE800BD7E5B /* Daily_WinsTests.swift */,
			);
			path = "Daily-WinsTests";
			sourceTree = "<group>";
		};
		4134302F2C290AE800BD7E5B /* Daily-WinsUITests */ = {
			isa = PBXGroup;
			children = (
				413430302C290AE800BD7E5B /* Daily_WinsUITests.swift */,
				413430322C290AE800BD7E5B /* Daily_WinsUITestsLaunchTests.swift */,
			);
			path = "Daily-WinsUITests";
			sourceTree = "<group>";
		};
/* End PBXGroup section */

/* Begin PBXNativeTarget section */
		413430112C290AE600BD7E5B /* Daily-Wins */ = {
			isa = PBXNativeTarget;
			buildConfigurationList = 413430362C290AE800BD7E5B /* Build configuration list for PBXNativeTarget "Daily-Wins" */;
			buildPhases = (
				4134300E2C290AE600BD7E5B /* Sources */,
				4134300F2C290AE600BD7E5B /* Frameworks */,
				413430102C290AE600BD7E5B /* Resources */,
			);
			buildRules = (
			);
			dependencies = (
			);
			name = "Daily-Wins";
			productName = "Daily-Wins";
			productReference = 413430122C290AE600BD7E5B /* Daily-Wins.app */;
			productType = "com.apple.product-type.application";
		};
		413430212C290AE800BD7E5B /* Daily-WinsTests */ = {
			isa = PBXNativeTarget;
			buildConfigurationList = 413430392C290AE800BD7E5B /* Build configuration list for PBXNativeTarget "Daily-WinsTests" */;
			buildPhases = (
				4134301E2C290AE800BD7E5B /* Sources */,
				4134301F2C290AE800BD7E5B /* Frameworks */,
				413430202C290AE800BD7E5B /* Resources */,
			);
			buildRules = (
			);
			dependencies = (
				413430242C290AE800BD7E5B /* PBXTargetDependency */,
			);
			name = "Daily-WinsTests";
			productName = "Daily-WinsTests";
			productReference = 413430222C290AE800BD7E5B /* Daily-WinsTests.xctest */;
			productType = "com.apple.product-type.bundle.unit-test";
		};
		4134302B2C290AE800BD7E5B /* Daily-WinsUITests */ = {
			isa = PBXNativeTarget;
			buildConfigurationList = 4134303C2C290AE800BD7E5B /* Build configuration list for PBXNativeTarget "Daily-WinsUITests" */;
			buildPhases = (
				413430282C290AE800BD7E5B /* Sources */,
				413430292C290AE800BD7E5B /* Frameworks */,
				4134302A2C290AE800BD7E5B /* Resources */,
			);
			buildRules = (
			);
			dependencies = (
				4134302E2C290AE800BD7E5B /* PBXTargetDependency */,
			);
			name = "Daily-WinsUITests";
			productName = "Daily-WinsUITests";
			productReference = 4134302C2C290AE800BD7E5B /* Daily-WinsUITests.xctest */;
			productType = "com.apple.product-type.bundle.ui-testing";
		};
/* End PBXNativeTarget section */

/* Begin PBXProject section */
		4134300A2C290AE600BD7E5B /* Project object */ = {
			isa = PBXProject;
			attributes = {
				BuildIndependentTargetsInParallel = 1;
				LastSwiftUpdateCheck = 1540;
				LastUpgradeCheck = 1540;
				TargetAttributes = {
					413430112C290AE600BD7E5B = {
						CreatedOnToolsVersion = 15.4;
					};
					413430212C290AE800BD7E5B = {
						CreatedOnToolsVersion = 15.4;
						TestTargetID = 413430112C290AE600BD7E5B;
					};
					4134302B2C290AE800BD7E5B = {
						CreatedOnToolsVersion = 15.4;
						TestTargetID = 413430112C290AE600BD7E5B;
					};
				};
			};
			buildConfigurationList = 4134300D2C290AE600BD7E5B /* Build configuration list for PBXProject "Daily-Wins" */;
			compatibilityVersion = "Xcode 14.0";
			developmentRegion = en;
			hasScannedForEncodings = 0;
			knownRegions = (
				en,
				Base,
			);
			mainGroup = 413430092C290AE600BD7E5B;
			productRefGroup = 413430132C290AE600BD7E5B /* Products */;
			projectDirPath = "";
			projectRoot = "";
			targets = (
				413430112C290AE600BD7E5B /* Daily-Wins */,
				413430212C290AE800BD7E5B /* Daily-WinsTests */,
				4134302B2C290AE800BD7E5B /* Daily-WinsUITests */,
			);
		};
/* End PBXProject section */

/* Begin PBXResourcesBuildPhase section */
		413430102C290AE600BD7E5B /* Resources */ = {
			isa = PBXResourcesBuildPhase;
			buildActionMask = 2147483647;
			files = (
				4134301D2C290AE800BD7E5B /* Preview Assets.xcassets in Resources */,
				4134301A2C290AE800BD7E5B /* Assets.xcassets in Resources */,
			);
			runOnlyForDeploymentPostprocessing = 0;
		};
		413430202C290AE800BD7E5B /* Resources */ = {
			isa = PBXResourcesBuildPhase;
			buildActionMask = 2147483647;
			files = (
			);
			runOnlyForDeploymentPostprocessing = 0;
		};
		4134302A2C290AE800BD7E5B /* Resources */ = {
			isa = PBXResourcesBuildPhase;
			buildActionMask = 2147483647;
			files = (
			);
			runOnlyForDeploymentPostprocessing = 0;
		};
/* End PBXResourcesBuildPhase section */

/* Begin PBXSourcesBuildPhase section */
		4134300E2C290AE600BD7E5B /* Sources */ = {
			isa = PBXSourcesBuildPhase;
			buildActionMask = 2147483647;
			files = (
				413430182C290AE600BD7E5B /* ContentView.swift in Sources */,
				413430162C290AE600BD7E5B /* Daily_WinsApp.swift in Sources */,
			);
			runOnlyForDeploymentPostprocessing = 0;
		};
		4134301E2C290AE800BD7E5B /* Sources */ = {
			isa = PBXSourcesBuildPhase;
			buildActionMask = 2147483647;
			files = (
				413430272C290AE800BD7E5B /* Daily_WinsTests.swift in Sources */,
			);
			runOnlyForDeploymentPostprocessing = 0;
		};
		413430282C290AE800BD7E5B /* Sources */ = {
			isa = PBXSourcesBuildPhase;
			buildActionMask = 2147483647;
			files = (
				413430312C290AE800BD7E5B /* Daily_WinsUITests.swift in Sources */,
				413430332C290AE800BD7E5B /* Daily_WinsUITestsLaunchTests.swift in Sources */,
			);
			runOnlyForDeploymentPostprocessing = 0;
		};
/* End PBXSourcesBuildPhase section */

/* Begin PBXTargetDependency section */
		413430242C290AE800BD7E5B /* PBXTargetDependency */ = {
			isa = PBXTargetDependency;
			target = 413430112C290AE600BD7E5B /* Daily-Wins */;
			targetProxy = 413430232C290AE800BD7E5B /* PBXContainerItemProxy */;
		};
		4134302E2C290AE800BD7E5B /* PBXTargetDependency */ = {
			isa = PBXTargetDependency;
			target = 413430112C290AE600BD7E5B /* Daily-Wins */;
			targetProxy = 4134302D2C290AE800BD7E5B /* PBXContainerItemProxy */;
		};
/* End PBXTargetDependency section */

/* Begin XCBuildConfiguration section */
		413430342C290AE800BD7E5B /* Debug */ = {
			isa = XCBuildConfiguration;
			buildSettings = {
				ALWAYS_SEARCH_USER_PATHS = NO;
				ASSETCATALOG_COMPILER_GENERATE_SWIFT_ASSET_SYMBOL_EXTENSIONS = YES;
				CLANG_ANALYZER_NONNULL = YES;
				CLANG_ANALYZER_NUMBER_OBJECT_CONVERSION = YES_AGGRESSIVE;
				CLANG_CXX_LANGUAGE_STANDARD = "gnu++20";
				CLANG_ENABLE_MODULES = YES;
				CLANG_ENABLE_OBJC_ARC = YES;
				CLANG_ENABLE_OBJC_WEAK = YES;
				CLANG_WARN_BLOCK_CAPTURE_AUTORELEASING = YES;
				CLANG_WARN_BOOL_CONVERSION = YES;
				CLANG_WARN_COMMA = YES;
				CLANG_WARN_CONSTANT_CONVERSION = YES;
				CLANG_WARN_DEPRECATED_OBJC_IMPLEMENTATIONS = YES;
				CLANG_WARN_DIRECT_OBJC_ISA_USAGE = YES_ERROR;
				CLANG_WARN_DOCUMENTATION_COMMENTS = YES;
				CLANG_WARN_EMPTY_BODY = YES;
				CLANG_WARN_ENUM_CONVERSION = YES;
				CLANG_WARN_INFINITE_RECURSION = YES;
				CLANG_WARN_INT_CONVERSION = YES;
				CLANG_WARN_NON_LITERAL_NULL_CONVERSION = YES;
				CLANG_WARN_OBJC_IMPLICIT_RETAIN_SELF = YES;
				CLANG_WARN_OBJC_LITERAL_CONVERSION = YES;
				CLANG_WARN_OBJC_ROOT_CLASS = YES_ERROR;
				CLANG_WARN_QUOTED_INCLUDE_IN_FRAMEWORK_HEADER = YES;
				CLANG_WARN_RANGE_LOOP_ANALYSIS = YES;
				CLANG_WARN_STRICT_PROTOTYPES = YES;
				CLANG_WARN_SUSPICIOUS_MOVE = YES;
				CLANG_WARN_UNGUARDED_AVAILABILITY = YES_AGGRESSIVE;
				CLANG_WARN_UNREACHABLE_CODE = YES;
				CLANG_WARN__DUPLICATE_METHOD_MATCH = YES;
				COPY_PHASE_STRIP = NO;
				DEBUG_INFORMATION_FORMAT = dwarf;
				ENABLE_STRICT_OBJC_MSGSEND = YES;
				ENABLE_TESTABILITY = YES;
				ENABLE_USER_SCRIPT_SANDBOXING = YES;
				GCC_C_LANGUAGE_STANDARD = gnu17;
				GCC_DYNAMIC_NO_PIC = NO;
				GCC_NO_COMMON_BLOCKS = YES;
				GCC_OPTIMIZATION_LEVEL = 0;
				GCC_PREPROCESSOR_DEFINITIONS = (
					"DEBUG=1",
					"$(inherited)",
				);
				GCC_WARN_64_TO_32_BIT_CONVERSION = YES;
				GCC_WARN_ABOUT_RETURN_TYPE = YES_ERROR;
				GCC_WARN_UNDECLARED_SELECTOR = YES;
				GCC_WARN_UNINITIALIZED_AUTOS = YES_AGGRESSIVE;
				GCC_WARN_UNUSED_FUNCTION = YES;
				GCC_WARN_UNUSED_VARIABLE = YES;
				IPHONEOS_DEPLOYMENT_TARGET = 17.5;
				LOCALIZATION_PREFERS_STRING_CATALOGS = YES;
				MTL_ENABLE_DEBUG_INFO = INCLUDE_SOURCE;
				MTL_FAST_MATH = YES;
				ONLY_ACTIVE_ARCH = YES;
				SDKROOT = iphoneos;
				SWIFT_ACTIVE_COMPILATION_CONDITIONS = "DEBUG $(inherited)";
				SWIFT_OPTIMIZATION_LEVEL = "-Onone";
			};
			name = Debug;
		};
		413430352C290AE800BD7E5B /* Release */ = {
			isa = XCBuildConfiguration;
			buildSettings = {
				ALWAYS_SEARCH_USER_PATHS = NO;
				ASSETCATALOG_COMPILER_GENERATE_SWIFT_ASSET_SYMBOL_EXTENSIONS = YES;
				CLANG_ANALYZER_NONNULL = YES;
				CLANG_ANALYZER_NUMBER_OBJECT_CONVERSION = YES_AGGRESSIVE;
				CLANG_CXX_LANGUAGE_STANDARD = "gnu++20";
				CLANG_ENABLE_MODULES = YES;
				CLANG_ENABLE_OBJC_ARC = YES;
				CLANG_ENABLE_OBJC_WEAK = YES;
				CLANG_WARN_BLOCK_CAPTURE_AUTORELEASING = YES;
				CLANG_WARN_BOOL_CONVERSION = YES;
				CLANG_WARN_COMMA = YES;
				CLANG_WARN_CONSTANT_CONVERSION = YES;
				CLANG_WARN_DEPRECATED_OBJC_IMPLEMENTATIONS = YES;
				CLANG_WARN_DIRECT_OBJC_ISA_USAGE = YES_ERROR;
				CLANG_WARN_DOCUMENTATION_COMMENTS = YES;
				CLANG_WARN_EMPTY_BODY = YES;
				CLANG_WARN_ENUM_CONVERSION = YES;
				CLANG_WARN_INFINITE_RECURSION = YES;
				CLANG_WARN_INT_CONVERSION = YES;
				CLANG_WARN_NON_LITERAL_NULL_CONVERSION = YES;
				CLANG_WARN_OBJC_IMPLICIT_RETAIN_SELF = YES;
				CLANG_WARN_OBJC_LITERAL_CONVERSION = YES;
				CLANG_WARN_OBJC_ROOT_CLASS = YES_ERROR;
				CLANG_WARN_QUOTED_INCLUDE_IN_FRAMEWORK_HEADER = YES;
				CLANG_WARN_RANGE_LOOP_ANALYSIS = YES;
				CLANG_WARN_STRICT_PROTOTYPES = YES;
				CLANG_WARN_SUSPICIOUS_MOVE = YES;
				CLANG_WARN_UNGUARDED_AVAILABILITY = YES_AGGRESSIVE;
				CLANG_WARN_UNREACHABLE_CODE = YES;
				CLANG_WARN__DUPLICATE_METHOD_MATCH = YES;
				COPY_PHASE_STRIP = NO;
				DEBUG_INFORMATION_FORMAT = "dwarf-with-dsym";
				ENABLE_NS_ASSERTIONS = NO;
				ENABLE_STRICT_OBJC_MSGSEND = YES;
				ENABLE_USER_SCRIPT_SANDBOXING = YES;
				GCC_C_LANGUAGE_STANDARD = gnu17;
				GCC_NO_COMMON_BLOCKS = YES;
				GCC_WARN_64_TO_32_BIT_CONVERSION = YES;
				GCC_WARN_ABOUT_RETURN_TYPE = YES_ERROR;
				GCC_WARN_UNDECLARED_SELECTOR = YES;
				GCC_WARN_UNINITIALIZED_AUTOS = YES_AGGRESSIVE;
				GCC_WARN_UNUSED_FUNCTION = YES;
				GCC_WARN_UNUSED_VARIABLE = YES;
				IPHONEOS_DEPLOYMENT_TARGET = 17.5;
				LOCALIZATION_PREFERS_STRING_CATALOGS = YES;
				MTL_ENABLE_DEBUG_INFO = NO;
				MTL_FAST_MATH = YES;
				SDKROOT = iphoneos;
				SWIFT_COMPILATION_MODE = wholemodule;
				VALIDATE_PRODUCT = YES;
			};
			name = Release;
		};
		413430372C290AE800BD7E5B /* Debug */ = {
			isa = XCBuildConfiguration;
			buildSettings = {
				ASSETCATALOG_COMPILER_APPICON_NAME = AppIcon;
				ASSETCATALOG_COMPILER_GLOBAL_ACCENT_COLOR_NAME = AccentColor;
				CODE_SIGN_STYLE = Automatic;
				CURRENT_PROJECT_VERSION = 1;
				DEVELOPMENT_ASSET_PATHS = "\"Daily-Wins/Preview Content\"";
				ENABLE_PREVIEWS = YES;
				GENERATE_INFOPLIST_FILE = YES;
				INFOPLIST_KEY_UIApplicationSceneManifest_Generation = YES;
				INFOPLIST_KEY_UIApplicationSupportsIndirectInputEvents = YES;
				INFOPLIST_KEY_UILaunchScreen_Generation = YES;
				INFOPLIST_KEY_UISupportedInterfaceOrientations_iPad = "UIInterfaceOrientationPortrait UIInterfaceOrientationPortraitUpsideDown UIInterfaceOrientationLandscapeLeft UIInterfaceOrientationLandscapeRight";
				INFOPLIST_KEY_UISupportedInterfaceOrientations_iPhone = "UIInterfaceOrientationPortrait UIInterfaceOrientationLandscapeLeft UIInterfaceOrientationLandscapeRight";
				LD_RUNPATH_SEARCH_PATHS = (
					"$(inherited)",
					"@executable_path/Frameworks",
				);
				MARKETING_VERSION = 1.0;
				PRODUCT_BUNDLE_IDENTIFIER = "NihalGunu.Daily-Wins";
				PRODUCT_NAME = "$(TARGET_NAME)";
				SWIFT_EMIT_LOC_STRINGS = YES;
				SWIFT_VERSION = 5.0;
				TARGETED_DEVICE_FAMILY = "1,2";
			};
			name = Debug;
		};
		413430382C290AE800BD7E5B /* Release */ = {
			isa = XCBuildConfiguration;
			buildSettings = {
				ASSETCATALOG_COMPILER_APPICON_NAME = AppIcon;
				ASSETCATALOG_COMPILER_GLOBAL_ACCENT_COLOR_NAME = AccentColor;
				CODE_SIGN_STYLE = Automatic;
				CURRENT_PROJECT_VERSION = 1;
				DEVELOPMENT_ASSET_PATHS = "\"Daily-Wins/Preview Content\"";
				ENABLE_PREVIEWS = YES;
				GENERATE_INFOPLIST_FILE = YES;
				INFOPLIST_KEY_UIApplicationSceneManifest_Generation = YES;
				INFOPLIST_KEY_UIApplicationSupportsIndirectInputEvents = YES;
				INFOPLIST_KEY_UILaunchScreen_Generation = YES;
				INFOPLIST_KEY_UISupportedInterfaceOrientations_iPad = "UIInterfaceOrientationPortrait UIInterfaceOrientationPortraitUpsideDown UIInterfaceOrientationLandscapeLeft UIInterfaceOrientationLandscapeRight";
				INFOPLIST_KEY_UISupportedInterfaceOrientations_iPhone = "UIInterfaceOrientationPortrait UIInterfaceOrientationLandscapeLeft UIInterfaceOrientationLandscapeRight";
				LD_RUNPATH_SEARCH_PATHS = (
					"$(inherited)",
					"@executable_path/Frameworks",
				);
				MARKETING_VERSION = 1.0;
				PRODUCT_BUNDLE_IDENTIFIER = "NihalGunu.Daily-Wins";
				PRODUCT_NAME = "$(TARGET_NAME)";
				SWIFT_EMIT_LOC_STRINGS = YES;
				SWIFT_VERSION = 5.0;
				TARGETED_DEVICE_FAMILY = "1,2";
			};
			name = Release;
		};
		4134303A2C290AE800BD7E5B /* Debug */ = {
			isa = XCBuildConfiguration;
			buildSettings = {
				ALWAYS_EMBED_SWIFT_STANDARD_LIBRARIES = YES;
				BUNDLE_LOADER = "$(TEST_HOST)";
				CODE_SIGN_STYLE = Automatic;
				CURRENT_PROJECT_VERSION = 1;
				GENERATE_INFOPLIST_FILE = YES;
				IPHONEOS_DEPLOYMENT_TARGET = 17.5;
				MARKETING_VERSION = 1.0;
				PRODUCT_BUNDLE_IDENTIFIER = "NihalGunu.Daily-WinsTests";
				PRODUCT_NAME = "$(TARGET_NAME)";
				SWIFT_EMIT_LOC_STRINGS = NO;
				SWIFT_VERSION = 5.0;
				TARGETED_DEVICE_FAMILY = "1,2";
				TEST_HOST = "$(BUILT_PRODUCTS_DIR)/Daily-Wins.app/$(BUNDLE_EXECUTABLE_FOLDER_PATH)/Daily-Wins";
			};
			name = Debug;
		};
		4134303B2C290AE800BD7E5B /* Release */ = {
			isa = XCBuildConfiguration;
			buildSettings = {
				ALWAYS_EMBED_SWIFT_STANDARD_LIBRARIES = YES;
				BUNDLE_LOADER = "$(TEST_HOST)";
				CODE_SIGN_STYLE = Automatic;
				CURRENT_PROJECT_VERSION = 1;
				GENERATE_INFOPLIST_FILE = YES;
				IPHONEOS_DEPLOYMENT_TARGET = 17.5;
				MARKETING_VERSION = 1.0;
				PRODUCT_BUNDLE_IDENTIFIER = "NihalGunu.Daily-WinsTests";
				PRODUCT_NAME = "$(TARGET_NAME)";
				SWIFT_EMIT_LOC_STRINGS = NO;
				SWIFT_VERSION = 5.0;
				TARGETED_DEVICE_FAMILY = "1,2";
				TEST_HOST = "$(BUILT_PRODUCTS_DIR)/Daily-Wins.app/$(BUNDLE_EXECUTABLE_FOLDER_PATH)/Daily-Wins";
			};
			name = Release;
		};
		4134303D2C290AE800BD7E5B /* Debug */ = {
			isa = XCBuildConfiguration;
			buildSettings = {
				ALWAYS_EMBED_SWIFT_STANDARD_LIBRARIES = YES;
				CODE_SIGN_STYLE = Automatic;
				CURRENT_PROJECT_VERSION = 1;
				GENERATE_INFOPLIST_FILE = YES;
				MARKETING_VERSION = 1.0;
				PRODUCT_BUNDLE_IDENTIFIER = "NihalGunu.Daily-WinsUITests";
				PRODUCT_NAME = "$(TARGET_NAME)";
				SWIFT_EMIT_LOC_STRINGS = NO;
				SWIFT_VERSION = 5.0;
				TARGETED_DEVICE_FAMILY = "1,2";
				TEST_TARGET_NAME = "Daily-Wins";
			};
			name = Debug;
		};
		4134303E2C290AE800BD7E5B /* Release */ = {
			isa = XCBuildConfiguration;
			buildSettings = {
				ALWAYS_EMBED_SWIFT_STANDARD_LIBRARIES = YES;
				CODE_SIGN_STYLE = Automatic;
				CURRENT_PROJECT_VERSION = 1;
				GENERATE_INFOPLIST_FILE = YES;
				MARKETING_VERSION = 1.0;
				PRODUCT_BUNDLE_IDENTIFIER = "NihalGunu.Daily-WinsUITests";
				PRODUCT_NAME = "$(TARGET_NAME)";
				SWIFT_EMIT_LOC_STRINGS = NO;
				SWIFT_VERSION = 5.0;
				TARGETED_DEVICE_FAMILY = "1,2";
				TEST_TARGET_NAME = "Daily-Wins";
			};
			name = Release;
		};
/* End XCBuildConfiguration section */

/* Begin XCConfigurationList section */
		4134300D2C290AE600BD7E5B /* Build configuration list for PBXProject "Daily-Wins" */ = {
			isa = XCConfigurationList;
			buildConfigurations = (
				413430342C290AE800BD7E5B /* Debug */,
				413430352C290AE800BD7E5B /* Release */,
			);
			defaultConfigurationIsVisible = 0;
			defaultConfigurationName = Release;
		};
		413430362C290AE800BD7E5B /* Build configuration list for PBXNativeTarget "Daily-Wins" */ = {
			isa = XCConfigurationList;
			buildConfigurations = (
				413430372C290AE800BD7E5B /* Debug */,
				413430382C290AE800BD7E5B /* Release */,
			);
			defaultConfigurationIsVisible = 0;
			defaultConfigurationName = Release;
		};
		413430392C290AE800BD7E5B /* Build configuration list for PBXNativeTarget "Daily-WinsTests" */ = {
			isa = XCConfigurationList;
			buildConfigurations = (
				4134303A2C290AE800BD7E5B /* Debug */,
				4134303B2C290AE800BD7E5B /* Release */,
			);
			defaultConfigurationIsVisible = 0;
			defaultConfigurationName = Release;
		};
		4134303C2C290AE800BD7E5B /* Build configuration list for PBXNativeTarget "Daily-WinsUITests" */ = {
			isa = XCConfigurationList;
			buildConfigurations = (
				4134303D2C290AE800BD7E5B /* Debug */,
				4134303E2C290AE800BD7E5B /* Release */,
			);
			defaultConfigurationIsVisible = 0;
			defaultConfigurationName = Release;
		};
/* End XCConfigurationList section */
	};
	rootObject = 4134300A2C290AE600BD7E5B /* Project object */;
}
